// !$*UTF8*$!
{
	archiveVersion = 1;
	classes = {
	};
	objectVersion = 56;
	objects = {

/* Begin PBXBuildFile section */
		93E41B932C2767B300273017 /* UberSwiftUIApp.swift in Sources */ = {isa = PBXBuildFile; fileRef = 93E41B922C2767B300273017 /* UberSwiftUIApp.swift */; };
		93E41B9A2C2767B500273017 /* Preview Assets.xcassets in Resources */ = {isa = PBXBuildFile; fileRef = 93E41B992C2767B500273017 /* Preview Assets.xcassets */; };
		93E41B9C2C2767B500273017 /* Persistence.swift in Sources */ = {isa = PBXBuildFile; fileRef = 93E41B9B2C2767B500273017 /* Persistence.swift */; };
		93E41B9F2C2767B500273017 /* UberSwiftUI.xcdatamodeld in Sources */ = {isa = PBXBuildFile; fileRef = 93E41B9D2C2767B500273017 /* UberSwiftUI.xcdatamodeld */; };
		93E41BAE2C27688500273017 /* HomeView.swift in Sources */ = {isa = PBXBuildFile; fileRef = 93E41BAD2C27688500273017 /* HomeView.swift */; };
		93E41BB02C27698600273017 /* UberMapViewRepresentable.swift in Sources */ = {isa = PBXBuildFile; fileRef = 93E41BAF2C27698600273017 /* UberMapViewRepresentable.swift */; };
		93E41BB22C276C9B00273017 /* LocationManager.swift in Sources */ = {isa = PBXBuildFile; fileRef = 93E41BB12C276C9B00273017 /* LocationManager.swift */; };
		93E41BB82C2771C600273017 /* LocationSearchActivation.swift in Sources */ = {isa = PBXBuildFile; fileRef = 93E41BB72C2771C600273017 /* LocationSearchActivation.swift */; };
		93E41BBA2C2773C100273017 /* MapViewActionButton.swift in Sources */ = {isa = PBXBuildFile; fileRef = 93E41BB92C2773C100273017 /* MapViewActionButton.swift */; };
		93E41BBC2C2774E600273017 /* LocationSearchView.swift in Sources */ = {isa = PBXBuildFile; fileRef = 93E41BBB2C2774E600273017 /* LocationSearchView.swift */; };
		93E41BBF2C2777E500273017 /* LocationSearchResultCell.swift in Sources */ = {isa = PBXBuildFile; fileRef = 93E41BBE2C2777E500273017 /* LocationSearchResultCell.swift */; };
		93E41BC12C277F6E00273017 /* LocationSearchViewModel.swift in Sources */ = {isa = PBXBuildFile; fileRef = 93E41BC02C277F6E00273017 /* LocationSearchViewModel.swift */; };
		93E41BC32C28112E00273017 /* MapViewState.swift in Sources */ = {isa = PBXBuildFile; fileRef = 93E41BC22C28112E00273017 /* MapViewState.swift */; };
		93E41BC62C28179300273017 /* RideRequstView.swift in Sources */ = {isa = PBXBuildFile; fileRef = 93E41BC52C28179300273017 /* RideRequstView.swift */; };
		93E41BCA2C281C6700273017 /* Assets.xcassets in Resources */ = {isa = PBXBuildFile; fileRef = 93E41BC92C281C6700273017 /* Assets.xcassets */; };
		93E41BCC2C2825CC00273017 /* RideType.swift in Sources */ = {isa = PBXBuildFile; fileRef = 93E41BCB2C2825CC00273017 /* RideType.swift */; };
		93E41BCE2C282E8500273017 /* Double.swift in Sources */ = {isa = PBXBuildFile; fileRef = 93E41BCD2C282E8500273017 /* Double.swift */; };
		93E41BD02C282FDF00273017 /* UberLocation.swift in Sources */ = {isa = PBXBuildFile; fileRef = 93E41BCF2C282FDF00273017 /* UberLocation.swift */; };
		93E41BD22C28350D00273017 /*  Color.swift in Sources */ = {isa = PBXBuildFile; fileRef = 93E41BD12C28350D00273017 /*  Color.swift */; };
/* End PBXBuildFile section */

/* Begin PBXFileReference section */
		93E41B8F2C2767B300273017 /* UberSwiftUI.app */ = {isa = PBXFileReference; explicitFileType = wrapper.application; includeInIndex = 0; path = UberSwiftUI.app; sourceTree = BUILT_PRODUCTS_DIR; };
		93E41B922C2767B300273017 /* UberSwiftUIApp.swift */ = {isa = PBXFileReference; lastKnownFileType = sourcecode.swift; path = UberSwiftUIApp.swift; sourceTree = "<group>"; };
		93E41B992C2767B500273017 /* Preview Assets.xcassets */ = {isa = PBXFileReference; lastKnownFileType = folder.assetcatalog; path = "Preview Assets.xcassets"; sourceTree = "<group>"; };
		93E41B9B2C2767B500273017 /* Persistence.swift */ = {isa = PBXFileReference; lastKnownFileType = sourcecode.swift; path = Persistence.swift; sourceTree = "<group>"; };
		93E41B9E2C2767B500273017 /* UberSwiftUI.xcdatamodel */ = {isa = PBXFileReference; lastKnownFileType = wrapper.xcdatamodel; path = UberSwiftUI.xcdatamodel; sourceTree = "<group>"; };
		93E41BAD2C27688500273017 /* HomeView.swift */ = {isa = PBXFileReference; lastKnownFileType = sourcecode.swift; path = HomeView.swift; sourceTree = "<group>"; };
		93E41BAF2C27698600273017 /* UberMapViewRepresentable.swift */ = {isa = PBXFileReference; lastKnownFileType = sourcecode.swift; path = UberMapViewRepresentable.swift; sourceTree = "<group>"; };
		93E41BB12C276C9B00273017 /* LocationManager.swift */ = {isa = PBXFileReference; lastKnownFileType = sourcecode.swift; path = LocationManager.swift; sourceTree = "<group>"; };
		93E41BB72C2771C600273017 /* LocationSearchActivation.swift */ = {isa = PBXFileReference; lastKnownFileType = sourcecode.swift; path = LocationSearchActivation.swift; sourceTree = "<group>"; };
		93E41BB92C2773C100273017 /* MapViewActionButton.swift */ = {isa = PBXFileReference; lastKnownFileType = sourcecode.swift; path = MapViewActionButton.swift; sourceTree = "<group>"; };
		93E41BBB2C2774E600273017 /* LocationSearchView.swift */ = {isa = PBXFileReference; lastKnownFileType = sourcecode.swift; path = LocationSearchView.swift; sourceTree = "<group>"; };
		93E41BBE2C2777E500273017 /* LocationSearchResultCell.swift */ = {isa = PBXFileReference; lastKnownFileType = sourcecode.swift; path = LocationSearchResultCell.swift; sourceTree = "<group>"; };
		93E41BC02C277F6E00273017 /* LocationSearchViewModel.swift */ = {isa = PBXFileReference; lastKnownFileType = sourcecode.swift; path = LocationSearchViewModel.swift; sourceTree = "<group>"; };
		93E41BC22C28112E00273017 /* MapViewState.swift */ = {isa = PBXFileReference; lastKnownFileType = sourcecode.swift; path = MapViewState.swift; sourceTree = "<group>"; };
		93E41BC52C28179300273017 /* RideRequstView.swift */ = {isa = PBXFileReference; lastKnownFileType = sourcecode.swift; path = RideRequstView.swift; sourceTree = "<group>"; };
		93E41BC92C281C6700273017 /* Assets.xcassets */ = {isa = PBXFileReference; lastKnownFileType = folder.assetcatalog; name = Assets.xcassets; path = ../../../Downloads/Assets.xcassets; sourceTree = "<group>"; };
		93E41BCB2C2825CC00273017 /* RideType.swift */ = {isa = PBXFileReference; lastKnownFileType = sourcecode.swift; path = RideType.swift; sourceTree = "<group>"; };
		93E41BCD2C282E8500273017 /* Double.swift */ = {isa = PBXFileReference; lastKnownFileType = sourcecode.swift; path = Double.swift; sourceTree = "<group>"; };
		93E41BCF2C282FDF00273017 /* UberLocation.swift */ = {isa = PBXFileReference; lastKnownFileType = sourcecode.swift; path = UberLocation.swift; sourceTree = "<group>"; };
		93E41BD12C28350D00273017 /*  Color.swift */ = {isa = PBXFileReference; lastKnownFileType = sourcecode.swift; path = " Color.swift"; sourceTree = "<group>"; };
/* End PBXFileReference section */

/* Begin PBXFrameworksBuildPhase section */
		93E41B8C2C2767B300273017 /* Frameworks */ = {
			isa = PBXFrameworksBuildPhase;
			buildActionMask = 2147483647;
			files = (
			);
			runOnlyForDeploymentPostprocessing = 0;
		};
/* End PBXFrameworksBuildPhase section */

/* Begin PBXGroup section */
		93E41B862C2767B300273017 = {
			isa = PBXGroup;
			children = (
				93E41B912C2767B300273017 /* UberSwiftUI */,
				93E41B902C2767B300273017 /* Products */,
			);
			sourceTree = "<group>";
		};
		93E41B902C2767B300273017 /* Products */ = {
			isa = PBXGroup;
			children = (
				93E41B8F2C2767B300273017 /* UberSwiftUI.app */,
			);
			name = Products;
			sourceTree = "<group>";
		};
		93E41B912C2767B300273017 /* UberSwiftUI */ = {
			isa = PBXGroup;
			children = (
				93E41BAA2C2767E100273017 /* App */,
				93E41BA92C2767DF00273017 /* Core */,
				93E41BA82C2767DD00273017 /* Extension */,
				93E41BA72C2767DC00273017 /* Managers */,
				93E41BA62C2767D900273017 /* Models */,
				93E41BC92C281C6700273017 /* Assets.xcassets */,
				93E41B9B2C2767B500273017 /* Persistence.swift */,
				93E41B9D2C2767B500273017 /* UberSwiftUI.xcdatamodeld */,
				93E41B982C2767B500273017 /* Preview Content */,
			);
			path = UberSwiftUI;
			sourceTree = "<group>";
		};
		93E41B982C2767B500273017 /* Preview Content */ = {
			isa = PBXGroup;
			children = (
				93E41B992C2767B500273017 /* Preview Assets.xcassets */,
			);
			path = "Preview Content";
			sourceTree = "<group>";
		};
		93E41BA62C2767D900273017 /* Models */ = {
			isa = PBXGroup;
			children = (
				93E41BC22C28112E00273017 /* MapViewState.swift */,
				93E41BCB2C2825CC00273017 /* RideType.swift */,
				93E41BCF2C282FDF00273017 /* UberLocation.swift */,
			);
			path = Models;
			sourceTree = "<group>";
		};
		93E41BA72C2767DC00273017 /* Managers */ = {
			isa = PBXGroup;
			children = (
				93E41BB12C276C9B00273017 /* LocationManager.swift */,
			);
			path = Managers;
			sourceTree = "<group>";
		};
		93E41BA82C2767DD00273017 /* Extension */ = {
			isa = PBXGroup;
			children = (
				93E41BCD2C282E8500273017 /* Double.swift */,
				93E41BD12C28350D00273017 /*  Color.swift */,
			);
			path = Extension;
			sourceTree = "<group>";
		};
		93E41BA92C2767DF00273017 /* Core */ = {
			isa = PBXGroup;
			children = (
				93E41BC42C28177F00273017 /* Trips */,
				93E41BB42C27715D00273017 /* LocationSearch */,
				93E41BB32C27714A00273017 /* Home */,
			);
			path = Core;
			sourceTree = "<group>";
		};
		93E41BAA2C2767E100273017 /* App */ = {
			isa = PBXGroup;
			children = (
				93E41B922C2767B300273017 /* UberSwiftUIApp.swift */,
			);
			path = App;
			sourceTree = "<group>";
		};
		93E41BAB2C27685D00273017 /* Views */ = {
			isa = PBXGroup;
			children = (
				93E41BAD2C27688500273017 /* HomeView.swift */,
				93E41BAF2C27698600273017 /* UberMapViewRepresentable.swift */,
				93E41BB92C2773C100273017 /* MapViewActionButton.swift */,
			);
			path = Views;
			sourceTree = "<group>";
		};
		93E41BAC2C27686100273017 /* ViewModels */ = {
			isa = PBXGroup;
			children = (
			);
			path = ViewModels;
			sourceTree = "<group>";
		};
		93E41BB32C27714A00273017 /* Home */ = {
			isa = PBXGroup;
			children = (
				93E41BAC2C27686100273017 /* ViewModels */,
				93E41BAB2C27685D00273017 /* Views */,
			);
			path = Home;
			sourceTree = "<group>";
		};
		93E41BB42C27715D00273017 /* LocationSearch */ = {
			isa = PBXGroup;
			children = (
				93E41BB62C2771AA00273017 /* Views */,
				93E41BB52C27716800273017 /* ViewModel */,
			);
			path = LocationSearch;
			sourceTree = "<group>";
		};
		93E41BB52C27716800273017 /* ViewModel */ = {
			isa = PBXGroup;
			children = (
				93E41BC02C277F6E00273017 /* LocationSearchViewModel.swift */,
			);
			path = ViewModel;
			sourceTree = "<group>";
		};
		93E41BB62C2771AA00273017 /* Views */ = {
			isa = PBXGroup;
			children = (
				93E41BB72C2771C600273017 /* LocationSearchActivation.swift */,
				93E41BBB2C2774E600273017 /* LocationSearchView.swift */,
				93E41BBE2C2777E500273017 /* LocationSearchResultCell.swift */,
			);
			path = Views;
			sourceTree = "<group>";
		};
		93E41BC42C28177F00273017 /* Trips */ = {
			isa = PBXGroup;
			children = (
				93E41BC52C28179300273017 /* RideRequstView.swift */,
			);
			path = Trips;
			sourceTree = "<group>";
		};
/* End PBXGroup section */

/* Begin PBXNativeTarget section */
		93E41B8E2C2767B300273017 /* UberSwiftUI */ = {
			isa = PBXNativeTarget;
			buildConfigurationList = 93E41BA22C2767B500273017 /* Build configuration list for PBXNativeTarget "UberSwiftUI" */;
			buildPhases = (
				93E41B8B2C2767B300273017 /* Sources */,
				93E41B8C2C2767B300273017 /* Frameworks */,
				93E41B8D2C2767B300273017 /* Resources */,
			);
			buildRules = (
			);
			dependencies = (
			);
			name = UberSwiftUI;
			productName = UberSwiftUI;
			productReference = 93E41B8F2C2767B300273017 /* UberSwiftUI.app */;
			productType = "com.apple.product-type.application";
		};
/* End PBXNativeTarget section */

/* Begin PBXProject section */
		93E41B872C2767B300273017 /* Project object */ = {
			isa = PBXProject;
			attributes = {
				BuildIndependentTargetsInParallel = 1;
				LastSwiftUpdateCheck = 1500;
				LastUpgradeCheck = 1500;
				TargetAttributes = {
					93E41B8E2C2767B300273017 = {
						CreatedOnToolsVersion = 15.0.1;
					};
				};
			};
			buildConfigurationList = 93E41B8A2C2767B300273017 /* Build configuration list for PBXProject "UberSwiftUI" */;
			compatibilityVersion = "Xcode 14.0";
			developmentRegion = en;
			hasScannedForEncodings = 0;
			knownRegions = (
				en,
				Base,
			);
			mainGroup = 93E41B862C2767B300273017;
			productRefGroup = 93E41B902C2767B300273017 /* Products */;
			projectDirPath = "";
			projectRoot = "";
			targets = (
				93E41B8E2C2767B300273017 /* UberSwiftUI */,
			);
		};
/* End PBXProject section */

/* Begin PBXResourcesBuildPhase section */
		93E41B8D2C2767B300273017 /* Resources */ = {
			isa = PBXResourcesBuildPhase;
			buildActionMask = 2147483647;
			files = (
				93E41B9A2C2767B500273017 /* Preview Assets.xcassets in Resources */,
				93E41BCA2C281C6700273017 /* Assets.xcassets in Resources */,
			);
			runOnlyForDeploymentPostprocessing = 0;
		};
/* End PBXResourcesBuildPhase section */

/* Begin PBXSourcesBuildPhase section */
		93E41B8B2C2767B300273017 /* Sources */ = {
			isa = PBXSourcesBuildPhase;
			buildActionMask = 2147483647;
			files = (
				93E41B9C2C2767B500273017 /* Persistence.swift in Sources */,
				93E41BAE2C27688500273017 /* HomeView.swift in Sources */,
				93E41BB22C276C9B00273017 /* LocationManager.swift in Sources */,
				93E41BC62C28179300273017 /* RideRequstView.swift in Sources */,
				93E41BD02C282FDF00273017 /* UberLocation.swift in Sources */,
				93E41BC32C28112E00273017 /* MapViewState.swift in Sources */,
				93E41B9F2C2767B500273017 /* UberSwiftUI.xcdatamodeld in Sources */,
				93E41B932C2767B300273017 /* UberSwiftUIApp.swift in Sources */,
				93E41BCC2C2825CC00273017 /* RideType.swift in Sources */,
				93E41BC12C277F6E00273017 /* LocationSearchViewModel.swift in Sources */,
				93E41BD22C28350D00273017 /*  Color.swift in Sources */,
				93E41BBF2C2777E500273017 /* LocationSearchResultCell.swift in Sources */,
				93E41BB02C27698600273017 /* UberMapViewRepresentable.swift in Sources */,
				93E41BB82C2771C600273017 /* LocationSearchActivation.swift in Sources */,
				93E41BBC2C2774E600273017 /* LocationSearchView.swift in Sources */,
				93E41BCE2C282E8500273017 /* Double.swift in Sources */,
				93E41BBA2C2773C100273017 /* MapViewActionButton.swift in Sources */,
			);
			runOnlyForDeploymentPostprocessing = 0;
		};
/* End PBXSourcesBuildPhase section */

/* Begin XCBuildConfiguration section */
		93E41BA02C2767B500273017 /* Debug */ = {
			isa = XCBuildConfiguration;
			buildSettings = {
				ALWAYS_SEARCH_USER_PATHS = NO;
				ASSETCATALOG_COMPILER_GENERATE_SWIFT_ASSET_SYMBOL_EXTENSIONS = YES;
				CLANG_ANALYZER_NONNULL = YES;
				CLANG_ANALYZER_NUMBER_OBJECT_CONVERSION = YES_AGGRESSIVE;
				CLANG_CXX_LANGUAGE_STANDARD = "gnu++20";
				CLANG_ENABLE_MODULES = YES;
				CLANG_ENABLE_OBJC_ARC = YES;
				CLANG_ENABLE_OBJC_WEAK = YES;
				CLANG_WARN_BLOCK_CAPTURE_AUTORELEASING = YES;
				CLANG_WARN_BOOL_CONVERSION = YES;
				CLANG_WARN_COMMA = YES;
				CLANG_WARN_CONSTANT_CONVERSION = YES;
				CLANG_WARN_DEPRECATED_OBJC_IMPLEMENTATIONS = YES;
				CLANG_WARN_DIRECT_OBJC_ISA_USAGE = YES_ERROR;
				CLANG_WARN_DOCUMENTATION_COMMENTS = YES;
				CLANG_WARN_EMPTY_BODY = YES;
				CLANG_WARN_ENUM_CONVERSION = YES;
				CLANG_WARN_INFINITE_RECURSION = YES;
				CLANG_WARN_INT_CONVERSION = YES;
				CLANG_WARN_NON_LITERAL_NULL_CONVERSION = YES;
				CLANG_WARN_OBJC_IMPLICIT_RETAIN_SELF = YES;
				CLANG_WARN_OBJC_LITERAL_CONVERSION = YES;
				CLANG_WARN_OBJC_ROOT_CLASS = YES_ERROR;
				CLANG_WARN_QUOTED_INCLUDE_IN_FRAMEWORK_HEADER = YES;
				CLANG_WARN_RANGE_LOOP_ANALYSIS = YES;
				CLANG_WARN_STRICT_PROTOTYPES = YES;
				CLANG_WARN_SUSPICIOUS_MOVE = YES;
				CLANG_WARN_UNGUARDED_AVAILABILITY = YES_AGGRESSIVE;
				CLANG_WARN_UNREACHABLE_CODE = YES;
				CLANG_WARN__DUPLICATE_METHOD_MATCH = YES;
				COPY_PHASE_STRIP = NO;
				DEBUG_INFORMATION_FORMAT = dwarf;
				ENABLE_STRICT_OBJC_MSGSEND = YES;
				ENABLE_TESTABILITY = YES;
				ENABLE_USER_SCRIPT_SANDBOXING = YES;
				GCC_C_LANGUAGE_STANDARD = gnu17;
				GCC_DYNAMIC_NO_PIC = NO;
				GCC_NO_COMMON_BLOCKS = YES;
				GCC_OPTIMIZATION_LEVEL = 0;
				GCC_PREPROCESSOR_DEFINITIONS = (
					"DEBUG=1",
					"$(inherited)",
				);
				GCC_WARN_64_TO_32_BIT_CONVERSION = YES;
				GCC_WARN_ABOUT_RETURN_TYPE = YES_ERROR;
				GCC_WARN_UNDECLARED_SELECTOR = YES;
				GCC_WARN_UNINITIALIZED_AUTOS = YES_AGGRESSIVE;
				GCC_WARN_UNUSED_FUNCTION = YES;
				GCC_WARN_UNUSED_VARIABLE = YES;
				IPHONEOS_DEPLOYMENT_TARGET = 17.0;
				LOCALIZATION_PREFERS_STRING_CATALOGS = YES;
				MTL_ENABLE_DEBUG_INFO = INCLUDE_SOURCE;
				MTL_FAST_MATH = YES;
				ONLY_ACTIVE_ARCH = YES;
				SDKROOT = iphoneos;
				SWIFT_ACTIVE_COMPILATION_CONDITIONS = "DEBUG $(inherited)";
				SWIFT_OPTIMIZATION_LEVEL = "-Onone";
			};
			name = Debug;
		};
		93E41BA12C2767B500273017 /* Release */ = {
			isa = XCBuildConfiguration;
			buildSettings = {
				ALWAYS_SEARCH_USER_PATHS = NO;
				ASSETCATALOG_COMPILER_GENERATE_SWIFT_ASSET_SYMBOL_EXTENSIONS = YES;
				CLANG_ANALYZER_NONNULL = YES;
				CLANG_ANALYZER_NUMBER_OBJECT_CONVERSION = YES_AGGRESSIVE;
				CLANG_CXX_LANGUAGE_STANDARD = "gnu++20";
				CLANG_ENABLE_MODULES = YES;
				CLANG_ENABLE_OBJC_ARC = YES;
				CLANG_ENABLE_OBJC_WEAK = YES;
				CLANG_WARN_BLOCK_CAPTURE_AUTORELEASING = YES;
				CLANG_WARN_BOOL_CONVERSION = YES;
				CLANG_WARN_COMMA = YES;
				CLANG_WARN_CONSTANT_CONVERSION = YES;
				CLANG_WARN_DEPRECATED_OBJC_IMPLEMENTATIONS = YES;
				CLANG_WARN_DIRECT_OBJC_ISA_USAGE = YES_ERROR;
				CLANG_WARN_DOCUMENTATION_COMMENTS = YES;
				CLANG_WARN_EMPTY_BODY = YES;
				CLANG_WARN_ENUM_CONVERSION = YES;
				CLANG_WARN_INFINITE_RECURSION = YES;
				CLANG_WARN_INT_CONVERSION = YES;
				CLANG_WARN_NON_LITERAL_NULL_CONVERSION = YES;
				CLANG_WARN_OBJC_IMPLICIT_RETAIN_SELF = YES;
				CLANG_WARN_OBJC_LITERAL_CONVERSION = YES;
				CLANG_WARN_OBJC_ROOT_CLASS = YES_ERROR;
				CLANG_WARN_QUOTED_INCLUDE_IN_FRAMEWORK_HEADER = YES;
				CLANG_WARN_RANGE_LOOP_ANALYSIS = YES;
				CLANG_WARN_STRICT_PROTOTYPES = YES;
				CLANG_WARN_SUSPICIOUS_MOVE = YES;
				CLANG_WARN_UNGUARDED_AVAILABILITY = YES_AGGRESSIVE;
				CLANG_WARN_UNREACHABLE_CODE = YES;
				CLANG_WARN__DUPLICATE_METHOD_MATCH = YES;
				COPY_PHASE_STRIP = NO;
				DEBUG_INFORMATION_FORMAT = "dwarf-with-dsym";
				ENABLE_NS_ASSERTIONS = NO;
				ENABLE_STRICT_OBJC_MSGSEND = YES;
				ENABLE_USER_SCRIPT_SANDBOXING = YES;
				GCC_C_LANGUAGE_STANDARD = gnu17;
				GCC_NO_COMMON_BLOCKS = YES;
				GCC_WARN_64_TO_32_BIT_CONVERSION = YES;
				GCC_WARN_ABOUT_RETURN_TYPE = YES_ERROR;
				GCC_WARN_UNDECLARED_SELECTOR = YES;
				GCC_WARN_UNINITIALIZED_AUTOS = YES_AGGRESSIVE;
				GCC_WARN_UNUSED_FUNCTION = YES;
				GCC_WARN_UNUSED_VARIABLE = YES;
				IPHONEOS_DEPLOYMENT_TARGET = 17.0;
				LOCALIZATION_PREFERS_STRING_CATALOGS = YES;
				MTL_ENABLE_DEBUG_INFO = NO;
				MTL_FAST_MATH = YES;
				SDKROOT = iphoneos;
				SWIFT_COMPILATION_MODE = wholemodule;
				VALIDATE_PRODUCT = YES;
			};
			name = Release;
		};
		93E41BA32C2767B500273017 /* Debug */ = {
			isa = XCBuildConfiguration;
			buildSettings = {
				ASSETCATALOG_COMPILER_APPICON_NAME = AppIcon;
				ASSETCATALOG_COMPILER_GLOBAL_ACCENT_COLOR_NAME = AccentColor;
				CODE_SIGN_STYLE = Automatic;
				CURRENT_PROJECT_VERSION = 1;
				DEVELOPMENT_ASSET_PATHS = "\"UberSwiftUI/Preview Content\"";
				ENABLE_PREVIEWS = YES;
				GENERATE_INFOPLIST_FILE = YES;
				INFOPLIST_KEY_NSLocationWhenInUseUsageDescription = "Please allow us to access your location";
				INFOPLIST_KEY_UIApplicationSceneManifest_Generation = YES;
				INFOPLIST_KEY_UIApplicationSupportsIndirectInputEvents = YES;
				INFOPLIST_KEY_UILaunchScreen_Generation = YES;
				INFOPLIST_KEY_UISupportedInterfaceOrientations_iPad = "UIInterfaceOrientationPortrait UIInterfaceOrientationPortraitUpsideDown UIInterfaceOrientationLandscapeLeft UIInterfaceOrientationLandscapeRight";
				INFOPLIST_KEY_UISupportedInterfaceOrientations_iPhone = "UIInterfaceOrientationPortrait UIInterfaceOrientationLandscapeLeft UIInterfaceOrientationLandscapeRight";
				LD_RUNPATH_SEARCH_PATHS = (
					"$(inherited)",
					"@executable_path/Frameworks",
				);
				MARKETING_VERSION = 1.0;
				PRODUCT_BUNDLE_IDENTIFIER = com.codefirebase.UberSwiftUI;
				PRODUCT_NAME = "$(TARGET_NAME)";
				SWIFT_EMIT_LOC_STRINGS = YES;
				SWIFT_VERSION = 5.0;
				TARGETED_DEVICE_FAMILY = "1,2";
			};
			name = Debug;
		};
		93E41BA42C2767B500273017 /* Release */ = {
			isa = XCBuildConfiguration;
			buildSettings = {
				ASSETCATALOG_COMPILER_APPICON_NAME = AppIcon;
				ASSETCATALOG_COMPILER_GLOBAL_ACCENT_COLOR_NAME = AccentColor;
				CODE_SIGN_STYLE = Automatic;
				CURRENT_PROJECT_VERSION = 1;
				DEVELOPMENT_ASSET_PATHS = "\"UberSwiftUI/Preview Content\"";
				ENABLE_PREVIEWS = YES;
				GENERATE_INFOPLIST_FILE = YES;
				INFOPLIST_KEY_NSLocationWhenInUseUsageDescription = "Please allow us to access your location";
				INFOPLIST_KEY_UIApplicationSceneManifest_Generation = YES;
				INFOPLIST_KEY_UIApplicationSupportsIndirectInputEvents = YES;
				INFOPLIST_KEY_UILaunchScreen_Generation = YES;
				INFOPLIST_KEY_UISupportedInterfaceOrientations_iPad = "UIInterfaceOrientationPortrait UIInterfaceOrientationPortraitUpsideDown UIInterfaceOrientationLandscapeLeft UIInterfaceOrientationLandscapeRight";
				INFOPLIST_KEY_UISupportedInterfaceOrientations_iPhone = "UIInterfaceOrientationPortrait UIInterfaceOrientationLandscapeLeft UIInterfaceOrientationLandscapeRight";
				LD_RUNPATH_SEARCH_PATHS = (
					"$(inherited)",
					"@executable_path/Frameworks",
				);
				MARKETING_VERSION = 1.0;
				PRODUCT_BUNDLE_IDENTIFIER = com.codefirebase.UberSwiftUI;
				PRODUCT_NAME = "$(TARGET_NAME)";
				SWIFT_EMIT_LOC_STRINGS = YES;
				SWIFT_VERSION = 5.0;
				TARGETED_DEVICE_FAMILY = "1,2";
			};
			name = Release;
		};
/* End XCBuildConfiguration section */

/* Begin XCConfigurationList section */
		93E41B8A2C2767B300273017 /* Build configuration list for PBXProject "UberSwiftUI" */ = {
			isa = XCConfigurationList;
			buildConfigurations = (
				93E41BA02C2767B500273017 /* Debug */,
				93E41BA12C2767B500273017 /* Release */,
			);
			defaultConfigurationIsVisible = 0;
			defaultConfigurationName = Release;
		};
		93E41BA22C2767B500273017 /* Build configuration list for PBXNativeTarget "UberSwiftUI" */ = {
			isa = XCConfigurationList;
			buildConfigurations = (
				93E41BA32C2767B500273017 /* Debug */,
				93E41BA42C2767B500273017 /* Release */,
			);
			defaultConfigurationIsVisible = 0;
			defaultConfigurationName = Release;
		};
/* End XCConfigurationList section */

/* Begin XCVersionGroup section */
		93E41B9D2C2767B500273017 /* UberSwiftUI.xcdatamodeld */ = {
			isa = XCVersionGroup;
			children = (
				93E41B9E2C2767B500273017 /* UberSwiftUI.xcdatamodel */,
			);
			currentVersion = 93E41B9E2C2767B500273017 /* UberSwiftUI.xcdatamodel */;
			path = UberSwiftUI.xcdatamodeld;
			sourceTree = "<group>";
			versionGroupType = wrapper.xcdatamodel;
		};
/* End XCVersionGroup section */
	};
	rootObject = 93E41B872C2767B300273017 /* Project object */;
}
